// !$*UTF8*$!
{
	archiveVersion = 1;
	classes = {
	};
	objectVersion = 46;
	objects = {

/* Begin PBXBuildFile section */
		8CB06C5B1C40559F002E924D /* AppDelegate.swift in Sources */ = {isa = PBXBuildFile; fileRef = 8CB06C5A1C40559F002E924D /* AppDelegate.swift */; };
		8CB06C5D1C40559F002E924D /* ViewController.swift in Sources */ = {isa = PBXBuildFile; fileRef = 8CB06C5C1C40559F002E924D /* ViewController.swift */; };
		8CB06C601C40559F002E924D /* Main.storyboard in Resources */ = {isa = PBXBuildFile; fileRef = 8CB06C5E1C40559F002E924D /* Main.storyboard */; };
		8CB06C621C40559F002E924D /* Assets.xcassets in Resources */ = {isa = PBXBuildFile; fileRef = 8CB06C611C40559F002E924D /* Assets.xcassets */; };
		8CB06C651C40559F002E924D /* LaunchScreen.storyboard in Resources */ = {isa = PBXBuildFile; fileRef = 8CB06C631C40559F002E924D /* LaunchScreen.storyboard */; };
/* End PBXBuildFile section */

/* Begin PBXFileReference section */
		8CB06C571C40559F002E924D /* Ninja Gold iOS.app */ = {isa = PBXFileReference; explicitFileType = wrapper.application; includeInIndex = 0; path = "Ninja Gold iOS.app"; sourceTree = BUILT_PRODUCTS_DIR; };
		8CB06C5A1C40559F002E924D /* AppDelegate.swift */ = {isa = PBXFileReference; lastKnownFileType = sourcecode.swift; path = AppDelegate.swift; sourceTree = "<group>"; };
		8CB06C5C1C40559F002E924D /* ViewController.swift */ = {isa = PBXFileReference; lastKnownFileType = sourcecode.swift; path = ViewController.swift; sourceTree = "<group>"; };
		8CB06C5F1C40559F002E924D /* Base */ = {isa = PBXFileReference; lastKnownFileType = file.storyboard; name = Base; path = Base.lproj/Main.storyboard; sourceTree = "<group>"; };
		8CB06C611C40559F002E924D /* Assets.xcassets */ = {isa = PBXFileReference; lastKnownFileType = folder.assetcatalog; path = Assets.xcassets; sourceTree = "<group>"; };
		8CB06C641C40559F002E924D /* Base */ = {isa = PBXFileReference; lastKnownFileType = file.storyboard; name = Base; path = Base.lproj/LaunchScreen.storyboard; sourceTree = "<group>"; };
		8CB06C661C40559F002E924D /* Info.plist */ = {isa = PBXFileReference; lastKnownFileType = text.plist.xml; path = Info.plist; sourceTree = "<group>"; };
/* End PBXFileReference section */

/* Begin PBXFrameworksBuildPhase section */
		8CB06C541C40559F002E924D /* Frameworks */ = {
			isa = PBXFrameworksBuildPhase;
			buildActionMask = 2147483647;
			files = (
			);
			runOnlyForDeploymentPostprocessing = 0;
		};
/* End PBXFrameworksBuildPhase section */

/* Begin PBXGroup section */
		8CB06C4E1C40559F002E924D = {
			isa = PBXGroup;
			children = (
				8CB06C591C40559F002E924D /* Ninja Gold iOS */,
				8CB06C581C40559F002E924D /* Products */,
			);
			sourceTree = "<group>";
		};
		8CB06C581C40559F002E924D /* Products */ = {
			isa = PBXGroup;
			children = (
				8CB06C571C40559F002E924D /* Ninja Gold iOS.app */,
			);
			name = Products;
			sourceTree = "<group>";
		};
		8CB06C591C40559F002E924D /* Ninja Gold iOS */ = {
			isa = PBXGroup;
			children = (
				8CB06C5A1C40559F002E924D /* AppDelegate.swift */,
				8CB06C5C1C40559F002E924D /* ViewController.swift */,
				8CB06C5E1C40559F002E924D /* Main.storyboard */,
				8CB06C611C40559F002E924D /* Assets.xcassets */,
				8CB06C631C40559F002E924D /* LaunchScreen.storyboard */,
				8CB06C661C40559F002E924D /* Info.plist */,
			);
			path = "Ninja Gold iOS";
			sourceTree = "<group>";
		};
/* End PBXGroup section */

/* Begin PBXNativeTarget section */
		8CB06C561C40559F002E924D /* Ninja Gold iOS */ = {
			isa = PBXNativeTarget;
			buildConfigurationList = 8CB06C691C40559F002E924D /* Build configuration list for PBXNativeTarget "Ninja Gold iOS" */;
			buildPhases = (
				8CB06C531C40559F002E924D /* Sources */,
				8CB06C541C40559F002E924D /* Frameworks */,
				8CB06C551C40559F002E924D /* Resources */,
			);
			buildRules = (
			);
			dependencies = (
			);
			name = "Ninja Gold iOS";
			productName = "Ninja Gold iOS";
			productReference = 8CB06C571C40559F002E924D /* Ninja Gold iOS.app */;
			productType = "com.apple.product-type.application";
		};
/* End PBXNativeTarget section */

/* Begin PBXProject section */
		8CB06C4F1C40559F002E924D /* Project object */ = {
			isa = PBXProject;
			attributes = {
				LastSwiftUpdateCheck = 0720;
				LastUpgradeCheck = 0720;
				ORGANIZATIONNAME = "Maric Sobreo (Coding Dojo)";
				TargetAttributes = {
					8CB06C561C40559F002E924D = {
						CreatedOnToolsVersion = 7.2;
						DevelopmentTeam = 5GQC4YZBF4;
					};
				};
			};
			buildConfigurationList = 8CB06C521C40559F002E924D /* Build configuration list for PBXProject "Ninja Gold iOS" */;
			compatibilityVersion = "Xcode 3.2";
			developmentRegion = English;
			hasScannedForEncodings = 0;
			knownRegions = (
				en,
				Base,
			);
			mainGroup = 8CB06C4E1C40559F002E924D;
			productRefGroup = 8CB06C581C40559F002E924D /* Products */;
			projectDirPath = "";
			projectRoot = "";
			targets = (
				8CB06C561C40559F002E924D /* Ninja Gold iOS */,
			);
		};
/* End PBXProject section */

/* Begin PBXResourcesBuildPhase section */
		8CB06C551C40559F002E924D /* Resources */ = {
			isa = PBXResourcesBuildPhase;
			buildActionMask = 2147483647;
			files = (
				8CB06C651C40559F002E924D /* LaunchScreen.storyboard in Resources */,
				8CB06C621C40559F002E924D /* Assets.xcassets in Resources */,
				8CB06C601C40559F002E924D /* Main.storyboard in Resources */,
			);
			runOnlyForDeploymentPostprocessing = 0;
		};
/* End PBXResourcesBuildPhase section */

/* Begin PBXSourcesBuildPhase section */
		8CB06C531C40559F002E924D /* Sources */ = {
			isa = PBXSourcesBuildPhase;
			buildActionMask = 2147483647;
			files = (
				8CB06C5D1C40559F002E924D /* ViewController.swift in Sources */,
				8CB06C5B1C40559F002E924D /* AppDelegate.swift in Sources */,
			);
			runOnlyForDeploymentPostprocessing = 0;
		};
/* End PBXSourcesBuildPhase section */

/* Begin PBXVariantGroup section */
		8CB06C5E1C40559F002E924D /* Main.storyboard */ = {
			isa = PBXVariantGroup;
			children = (
				8CB06C5F1C40559F002E924D /* Base */,
			);
			name = Main.storyboard;
			sourceTree = "<group>";
		};
		8CB06C631C40559F002E924D /* LaunchScreen.storyboard */ = {
			isa = PBXVariantGroup;
			children = (
				8CB06C641C40559F002E924D /* Base */,
			);
			name = LaunchScreen.storyboard;
			sourceTree = "<group>";
		};
/* End PBXVariantGroup section */

/* Begin XCBuildConfiguration section */
		8CB06C671C40559F002E924D /* Debug */ = {
			isa = XCBuildConfiguration;
			buildSettings = {
				ALWAYS_SEARCH_USER_PATHS = NO;
				CLANG_CXX_LANGUAGE_STANDARD = "gnu++0x";
				CLANG_CXX_LIBRARY = "libc++";
				CLANG_ENABLE_MODULES = YES;
				CLANG_ENABLE_OBJC_ARC = YES;
				CLANG_WARN_BOOL_CONVERSION = YES;
				CLANG_WARN_CONSTANT_CONVERSION = YES;
				CLANG_WARN_DIRECT_OBJC_ISA_USAGE = YES_ERROR;
				CLANG_WARN_EMPTY_BODY = YES;
				CLANG_WARN_ENUM_CONVERSION = YES;
				CLANG_WARN_INT_CONVERSION = YES;
				CLANG_WARN_OBJC_ROOT_CLASS = YES_ERROR;
				CLANG_WARN_UNREACHABLE_CODE = YES;
				CLANG_WARN__DUPLICATE_METHOD_MATCH = YES;
				"CODE_SIGN_IDENTITY[sdk=iphoneos*]" = "iPhone Developer";
				COPY_PHASE_STRIP = NO;
				DEBUG_INFORMATION_FORMAT = dwarf;
				ENABLE_STRICT_OBJC_MSGSEND = YES;
				ENABLE_TESTABILITY = YES;
				GCC_C_LANGUAGE_STANDARD = gnu99;
				GCC_DYNAMIC_NO_PIC = NO;
				GCC_NO_COMMON_BLOCKS = YES;
				GCC_OPTIMIZATION_LEVEL = 0;
				GCC_PREPROCESSOR_DEFINITIONS = (
					"DEBUG=1",
					"$(inherited)",
				);
				GCC_WARN_64_TO_32_BIT_CONVERSION = YES;
				GCC_WARN_ABOUT_RETURN_TYPE = YES_ERROR;
				GCC_WARN_UNDECLARED_SELECTOR = YES;
				GCC_WARN_UNINITIALIZED_AUTOS = YES_AGGRESSIVE;
				GCC_WARN_UNUSED_FUNCTION = YES;
				GCC_WARN_UNUSED_VARIABLE = YES;
				IPHONEOS_DEPLOYMENT_TARGET = 9.2;
				MTL_ENABLE_DEBUG_INFO = YES;
				ONLY_ACTIVE_ARCH = YES;
				SDKROOT = iphoneos;
				SWIFT_OPTIMIZATION_LEVEL = "-Onone";
				TARGETED_DEVICE_FAMILY = "1,2";
			};
			name = Debug;
		};
		8CB06C681C40559F002E924D /* Release */ = {
			isa = XCBuildConfiguration;
			buildSettings = {
				ALWAYS_SEARCH_USER_PATHS = NO;
				CLANG_CXX_LANGUAGE_STANDARD = "gnu++0x";
				CLANG_CXX_LIBRARY = "libc++";
				CLANG_ENABLE_MODULES = YES;
				CLANG_ENABLE_OBJC_ARC = YES;
				CLANG_WARN_BOOL_CONVERSION = YES;
				CLANG_WARN_CONSTANT_CONVERSION = YES;
				CLANG_WARN_DIRECT_OBJC_ISA_USAGE = YES_ERROR;
				CLANG_WARN_EMPTY_BODY = YES;
				CLANG_WARN_ENUM_CONVERSION = YES;
				CLANG_WARN_INT_CONVERSION = YES;
				CLANG_WARN_OBJC_ROOT_CLASS = YES_ERROR;
				CLANG_WARN_UNREACHABLE_CODE = YES;
				CLANG_WARN__DUPLICATE_METHOD_MATCH = YES;
				"CODE_SIGN_IDENTITY[sdk=iphoneos*]" = "iPhone Developer";
				COPY_PHASE_STRIP = NO;
				DEBUG_INFORMATION_FORMAT = "dwarf-with-dsym";
				ENABLE_NS_ASSERTIONS = NO;
				ENABLE_STRICT_OBJC_MSGSEND = YES;
				GCC_C_LANGUAGE_STANDARD = gnu99;
				GCC_NO_COMMON_BLOCKS = YES;
				GCC_WARN_64_TO_32_BIT_CONVERSION = YES;
				GCC_WARN_ABOUT_RETURN_TYPE = YES_ERROR;
				GCC_WARN_UNDECLARED_SELECTOR = YES;
				GCC_WARN_UNINITIALIZED_AUTOS = YES_AGGRESSIVE;
				GCC_WARN_UNUSED_FUNCTION = YES;
				GCC_WARN_UNUSED_VARIABLE = YES;
				IPHONEOS_DEPLOYMENT_TARGET = 9.2;
				MTL_ENABLE_DEBUG_INFO = NO;
				SDKROOT = iphoneos;
				TARGETED_DEVICE_FAMILY = "1,2";
				VALIDATE_PRODUCT = YES;
			};
			name = Release;
		};
		8CB06C6A1C40559F002E924D /* Debug */ = {
			isa = XCBuildConfiguration;
			buildSettings = {
				ASSETCATALOG_COMPILER_APPICON_NAME = AppIcon;
				INFOPLIST_FILE = "Ninja Gold iOS/Info.plist";
				LD_RUNPATH_SEARCH_PATHS = "$(inherited) @executable_path/Frameworks";
				PRODUCT_BUNDLE_IDENTIFIER = "com.codingdojo.sobreo.Ninja-Gold-iOS";
				PRODUCT_NAME = "$(TARGET_NAME)";
			};
			name = Debug;
		};
		8CB06C6B1C40559F002E924D /* Release */ = {
			isa = XCBuildConfiguration;
			buildSettings = {
				ASSETCATALOG_COMPILER_APPICON_NAME = AppIcon;
				INFOPLIST_FILE = "Ninja Gold iOS/Info.plist";
				LD_RUNPATH_SEARCH_PATHS = "$(inherited) @executable_path/Frameworks";
				PRODUCT_BUNDLE_IDENTIFIER = "com.codingdojo.sobreo.Ninja-Gold-iOS";
				PRODUCT_NAME = "$(TARGET_NAME)";
			};
			name = Release;
		};
/* End XCBuildConfiguration section */

/* Begin XCConfigurationList section */
		8CB06C521C40559F002E924D /* Build configuration list for PBXProject "Ninja Gold iOS" */ = {
			isa = XCConfigurationList;
			buildConfigurations = (
				8CB06C671C40559F002E924D /* Debug */,
				8CB06C681C40559F002E924D /* Release */,
			);
			defaultConfigurationIsVisible = 0;
			defaultConfigurationName = Release;
		};
		8CB06C691C40559F002E924D /* Build configuration list for PBXNativeTarget "Ninja Gold iOS" */ = {
			isa = XCConfigurationList;
			buildConfigurations = (
				8CB06C6A1C40559F002E924D /* Debug */,
				8CB06C6B1C40559F002E924D /* Release */,
			);
			defaultConfigurationIsVisible = 0;
		};
/* End XCConfigurationList section */
	};
	rootObject = 8CB06C4F1C40559F002E924D /* Project object */;
}
